
Microsoft Visual Studio Solution File, Format Version 12.00
# Visual Studio Version 17
VisualStudioVersion = 17.0.31903.59
MinimumVisualStudioVersion = 10.0.40219.1
Project("{9A19103F-16F7-4668-BE54-9A1E7A4F7556}") = "MetuTrade.Business", "MetuTrade.Business\MetuTrade.Business.csproj", "{1B21BB46-0802-4684-9480-F446BC982EC7}"
EndProject
Project("{9A19103F-16F7-4668-BE54-9A1E7A4F7556}") = "MetuTrade.WebApi", "MetuTrade.WebApi\MetuTrade.WebApi.csproj", "{92E50CE9-191B-4860-AFF2-F332CDA226CC}"
EndProject
Project("{9A19103F-16F7-4668-BE54-9A1E7A4F7556}") = "MetuTrade.DataAccess", "MetuTrade.DataAccess\MetuTrade.DataAccess.csproj", "{2D6AFE94-2665-4D6C-9979-1FD5EE2808A4}"
EndProject
Project("{9A19103F-16F7-4668-BE54-9A1E7A4F7556}") = "MetuTrade.Core", "MetuTrade.Core\MetuTrade.Core.csproj", "{89BA7B4B-6185-4A9B-B3BF-CADB7EF9922C}"
EndProject
Project("{FAE04EC0-301F-11D3-BF4B-00C04F79EFBC}") = "MetuTrade.AdminConsole", "MetuTrade.AdminConsole\MetuTrade.AdminConsole.csproj", "{70A110D0-AC10-419F-ACAA-CDB667C91C6D}"
EndProject
Project("{FAE04EC0-301F-11D3-BF4B-00C04F79EFBC}") = "MetuTrade.AdminUI", "MetuTrade.AdminUI\MetuTrade.AdminUI.csproj", "{4A49EDFE-9E6D-4B4F-B9A7-67A003E13366}"
EndProject
Global
	GlobalSection(SolutionConfigurationPlatforms) = preSolution
		Debug|Any CPU = Debug|Any CPU
		Debug|ARM64 = Debug|ARM64
		Debug|x64 = Debug|x64
		Debug|x86 = Debug|x86
		Release|Any CPU = Release|Any CPU
		Release|ARM64 = Release|ARM64
		Release|x64 = Release|x64
		Release|x86 = Release|x86
	EndGlobalSection
	GlobalSection(ProjectConfigurationPlatforms) = postSolution
		{1B21BB46-0802-4684-9480-F446BC982EC7}.Debug|Any CPU.ActiveCfg = Debug|Any CPU
		{1B21BB46-0802-4684-9480-F446BC982EC7}.Debug|Any CPU.Build.0 = Debug|Any CPU
		{1B21BB46-0802-4684-9480-F446BC982EC7}.Debug|ARM64.ActiveCfg = Debug|Any CPU
		{1B21BB46-0802-4684-9480-F446BC982EC7}.Debug|ARM64.Build.0 = Debug|Any CPU
		{1B21BB46-0802-4684-9480-F446BC982EC7}.Debug|x64.ActiveCfg = Debug|Any CPU
		{1B21BB46-0802-4684-9480-F446BC982EC7}.Debug|x64.Build.0 = Debug|Any CPU
		{1B21BB46-0802-4684-9480-F446BC982EC7}.Debug|x86.ActiveCfg = Debug|Any CPU
		{1B21BB46-0802-4684-9480-F446BC982EC7}.Debug|x86.Build.0 = Debug|Any CPU
		{1B21BB46-0802-4684-9480-F446BC982EC7}.Release|Any CPU.ActiveCfg = Release|Any CPU
		{1B21BB46-0802-4684-9480-F446BC982EC7}.Release|Any CPU.Build.0 = Release|Any CPU
		{1B21BB46-0802-4684-9480-F446BC982EC7}.Release|ARM64.ActiveCfg = Release|Any CPU
		{1B21BB46-0802-4684-9480-F446BC982EC7}.Release|ARM64.Build.0 = Release|Any CPU
		{1B21BB46-0802-4684-9480-F446BC982EC7}.Release|x64.ActiveCfg = Release|Any CPU
		{1B21BB46-0802-4684-9480-F446BC982EC7}.Release|x64.Build.0 = Release|Any CPU
		{1B21BB46-0802-4684-9480-F446BC982EC7}.Release|x86.ActiveCfg = Release|Any CPU
		{1B21BB46-0802-4684-9480-F446BC982EC7}.Release|x86.Build.0 = Release|Any CPU
		{92E50CE9-191B-4860-AFF2-F332CDA226CC}.Debug|Any CPU.ActiveCfg = Debug|Any CPU
		{92E50CE9-191B-4860-AFF2-F332CDA226CC}.Debug|Any CPU.Build.0 = Debug|Any CPU
		{92E50CE9-191B-4860-AFF2-F332CDA226CC}.Debug|ARM64.ActiveCfg = Debug|Any CPU
		{92E50CE9-191B-4860-AFF2-F332CDA226CC}.Debug|ARM64.Build.0 = Debug|Any CPU
		{92E50CE9-191B-4860-AFF2-F332CDA226CC}.Debug|x64.ActiveCfg = Debug|Any CPU
		{92E50CE9-191B-4860-AFF2-F332CDA226CC}.Debug|x64.Build.0 = Debug|Any CPU
		{92E50CE9-191B-4860-AFF2-F332CDA226CC}.Debug|x86.ActiveCfg = Debug|Any CPU
		{92E50CE9-191B-4860-AFF2-F332CDA226CC}.Debug|x86.Build.0 = Debug|Any CPU
		{92E50CE9-191B-4860-AFF2-F332CDA226CC}.Release|Any CPU.ActiveCfg = Release|Any CPU
		{92E50CE9-191B-4860-AFF2-F332CDA226CC}.Release|Any CPU.Build.0 = Release|Any CPU
		{92E50CE9-191B-4860-AFF2-F332CDA226CC}.Release|ARM64.ActiveCfg = Release|Any CPU
		{92E50CE9-191B-4860-AFF2-F332CDA226CC}.Release|ARM64.Build.0 = Release|Any CPU
		{92E50CE9-191B-4860-AFF2-F332CDA226CC}.Release|x64.ActiveCfg = Release|Any CPU
		{92E50CE9-191B-4860-AFF2-F332CDA226CC}.Release|x64.Build.0 = Release|Any CPU
		{92E50CE9-191B-4860-AFF2-F332CDA226CC}.Release|x86.ActiveCfg = Release|Any CPU
		{92E50CE9-191B-4860-AFF2-F332CDA226CC}.Release|x86.Build.0 = Release|Any CPU
		{2D6AFE94-2665-4D6C-9979-1FD5EE2808A4}.Debug|Any CPU.ActiveCfg = Debug|Any CPU
		{2D6AFE94-2665-4D6C-9979-1FD5EE2808A4}.Debug|Any CPU.Build.0 = Debug|Any CPU
		{2D6AFE94-2665-4D6C-9979-1FD5EE2808A4}.Debug|ARM64.ActiveCfg = Debug|Any CPU
		{2D6AFE94-2665-4D6C-9979-1FD5EE2808A4}.Debug|ARM64.Build.0 = Debug|Any CPU
		{2D6AFE94-2665-4D6C-9979-1FD5EE2808A4}.Debug|x64.ActiveCfg = Debug|Any CPU
		{2D6AFE94-2665-4D6C-9979-1FD5EE2808A4}.Debug|x64.Build.0 = Debug|Any CPU
		{2D6AFE94-2665-4D6C-9979-1FD5EE2808A4}.Debug|x86.ActiveCfg = Debug|Any CPU
		{2D6AFE94-2665-4D6C-9979-1FD5EE2808A4}.Debug|x86.Build.0 = Debug|Any CPU
		{2D6AFE94-2665-4D6C-9979-1FD5EE2808A4}.Release|Any CPU.ActiveCfg = Release|Any CPU
		{2D6AFE94-2665-4D6C-9979-1FD5EE2808A4}.Release|Any CPU.Build.0 = Release|Any CPU
		{2D6AFE94-2665-4D6C-9979-1FD5EE2808A4}.Release|ARM64.ActiveCfg = Release|Any CPU
		{2D6AFE94-2665-4D6C-9979-1FD5EE2808A4}.Release|ARM64.Build.0 = Release|Any CPU
		{2D6AFE94-2665-4D6C-9979-1FD5EE2808A4}.Release|x64.ActiveCfg = Release|Any CPU
		{2D6AFE94-2665-4D6C-9979-1FD5EE2808A4}.Release|x64.Build.0 = Release|Any CPU
		{2D6AFE94-2665-4D6C-9979-1FD5EE2808A4}.Release|x86.ActiveCfg = Release|Any CPU
		{2D6AFE94-2665-4D6C-9979-1FD5EE2808A4}.Release|x86.Build.0 = Release|Any CPU
		{89BA7B4B-6185-4A9B-B3BF-CADB7EF9922C}.Debug|Any CPU.ActiveCfg = Debug|Any CPU
		{89BA7B4B-6185-4A9B-B3BF-CADB7EF9922C}.Debug|Any CPU.Build.0 = Debug|Any CPU
		{89BA7B4B-6185-4A9B-B3BF-CADB7EF9922C}.Debug|ARM64.ActiveCfg = Debug|Any CPU
		{89BA7B4B-6185-4A9B-B3BF-CADB7EF9922C}.Debug|ARM64.Build.0 = Debug|Any CPU
		{89BA7B4B-6185-4A9B-B3BF-CADB7EF9922C}.Debug|x64.ActiveCfg = Debug|Any CPU
		{89BA7B4B-6185-4A9B-B3BF-CADB7EF9922C}.Debug|x64.Build.0 = Debug|Any CPU
		{89BA7B4B-6185-4A9B-B3BF-CADB7EF9922C}.Debug|x86.ActiveCfg = Debug|Any CPU
		{89BA7B4B-6185-4A9B-B3BF-CADB7EF9922C}.Debug|x86.Build.0 = Debug|Any CPU
		{89BA7B4B-6185-4A9B-B3BF-CADB7EF9922C}.Release|Any CPU.ActiveCfg = Release|Any CPU
		{89BA7B4B-6185-4A9B-B3BF-CADB7EF9922C}.Release|Any CPU.Build.0 = Release|Any CPU
		{89BA7B4B-6185-4A9B-B3BF-CADB7EF9922C}.Release|ARM64.ActiveCfg = Release|Any CPU
		{89BA7B4B-6185-4A9B-B3BF-CADB7EF9922C}.Release|ARM64.Build.0 = Release|Any CPU
		{89BA7B4B-6185-4A9B-B3BF-CADB7EF9922C}.Release|x64.ActiveCfg = Release|Any CPU
		{89BA7B4B-6185-4A9B-B3BF-CADB7EF9922C}.Release|x64.Build.0 = Release|Any CPU
		{89BA7B4B-6185-4A9B-B3BF-CADB7EF9922C}.Release|x86.ActiveCfg = Release|Any CPU
		{89BA7B4B-6185-4A9B-B3BF-CADB7EF9922C}.Release|x86.Build.0 = Release|Any CPU
		{70A110D0-AC10-419F-ACAA-CDB667C91C6D}.Debug|Any CPU.ActiveCfg = Debug|Any CPU
		{70A110D0-AC10-419F-ACAA-CDB667C91C6D}.Debug|Any CPU.Build.0 = Debug|Any CPU
		{70A110D0-AC10-419F-ACAA-CDB667C91C6D}.Debug|ARM64.ActiveCfg = Debug|Any CPU
		{70A110D0-AC10-419F-ACAA-CDB667C91C6D}.Debug|ARM64.Build.0 = Debug|Any CPU
		{70A110D0-AC10-419F-ACAA-CDB667C91C6D}.Debug|x64.ActiveCfg = Debug|Any CPU
		{70A110D0-AC10-419F-ACAA-CDB667C91C6D}.Debug|x64.Build.0 = Debug|Any CPU
		{70A110D0-AC10-419F-ACAA-CDB667C91C6D}.Debug|x86.ActiveCfg = Debug|Any CPU
		{70A110D0-AC10-419F-ACAA-CDB667C91C6D}.Debug|x86.Build.0 = Debug|Any CPU
		{70A110D0-AC10-419F-ACAA-CDB667C91C6D}.Release|Any CPU.ActiveCfg = Release|Any CPU
		{70A110D0-AC10-419F-ACAA-CDB667C91C6D}.Release|Any CPU.Build.0 = Release|Any CPU
		{70A110D0-AC10-419F-ACAA-CDB667C91C6D}.Release|ARM64.ActiveCfg = Release|Any CPU
		{70A110D0-AC10-419F-ACAA-CDB667C91C6D}.Release|ARM64.Build.0 = Release|Any CPU
		{70A110D0-AC10-419F-ACAA-CDB667C91C6D}.Release|x64.ActiveCfg = Release|Any CPU
		{70A110D0-AC10-419F-ACAA-CDB667C91C6D}.Release|x64.Build.0 = Release|Any CPU
		{70A110D0-AC10-419F-ACAA-CDB667C91C6D}.Release|x86.ActiveCfg = Release|Any CPU
		{70A110D0-AC10-419F-ACAA-CDB667C91C6D}.Release|x86.Build.0 = Release|Any CPU
		{4A49EDFE-9E6D-4B4F-B9A7-67A003E13366}.Debug|Any CPU.ActiveCfg = Debug|x64
		{4A49EDFE-9E6D-4B4F-B9A7-67A003E13366}.Debug|Any CPU.Build.0 = Debug|x64
		{4A49EDFE-9E6D-4B4F-B9A7-67A003E13366}.Debug|Any CPU.Deploy.0 = Debug|x64
		{4A49EDFE-9E6D-4B4F-B9A7-67A003E13366}.Debug|ARM64.ActiveCfg = Debug|ARM64
		{4A49EDFE-9E6D-4B4F-B9A7-67A003E13366}.Debug|ARM64.Build.0 = Debug|ARM64
		{4A49EDFE-9E6D-4B4F-B9A7-67A003E13366}.Debug|ARM64.Deploy.0 = Debug|ARM64
		{4A49EDFE-9E6D-4B4F-B9A7-67A003E13366}.Debug|x64.ActiveCfg = Debug|x64
		{4A49EDFE-9E6D-4B4F-B9A7-67A003E13366}.Debug|x64.Build.0 = Debug|x64
		{4A49EDFE-9E6D-4B4F-B9A7-67A003E13366}.Debug|x64.Deploy.0 = Debug|x64
		{4A49EDFE-9E6D-4B4F-B9A7-67A003E13366}.Debug|x86.ActiveCfg = Debug|x86
		{4A49EDFE-9E6D-4B4F-B9A7-67A003E13366}.Debug|x86.Build.0 = Debug|x86
		{4A49EDFE-9E6D-4B4F-B9A7-67A003E13366}.Debug|x86.Deploy.0 = Debug|x86
		{4A49EDFE-9E6D-4B4F-B9A7-67A003E13366}.Release|Any CPU.ActiveCfg = Release|x64
		{4A49EDFE-9E6D-4B4F-B9A7-67A003E13366}.Release|Any CPU.Build.0 = Release|x64
		{4A49EDFE-9E6D-4B4F-B9A7-67A003E13366}.Release|Any CPU.Deploy.0 = Release|x64
		{4A49EDFE-9E6D-4B4F-B9A7-67A003E13366}.Release|ARM64.ActiveCfg = Release|ARM64
		{4A49EDFE-9E6D-4B4F-B9A7-67A003E13366}.Release|ARM64.Build.0 = Release|ARM64
		{4A49EDFE-9E6D-4B4F-B9A7-67A003E13366}.Release|ARM64.Deploy.0 = Release|ARM64
		{4A49EDFE-9E6D-4B4F-B9A7-67A003E13366}.Release|x64.ActiveCfg = Release|x64
		{4A49EDFE-9E6D-4B4F-B9A7-67A003E13366}.Release|x64.Build.0 = Release|x64
		{4A49EDFE-9E6D-4B4F-B9A7-67A003E13366}.Release|x64.Deploy.0 = Release|x64
		{4A49EDFE-9E6D-4B4F-B9A7-67A003E13366}.Release|x86.ActiveCfg = Release|x86
		{4A49EDFE-9E6D-4B4F-B9A7-67A003E13366}.Release|x86.Build.0 = Release|x86
		{4A49EDFE-9E6D-4B4F-B9A7-67A003E13366}.Release|x86.Deploy.0 = Release|x86
	EndGlobalSection
	GlobalSection(SolutionProperties) = preSolution
		HideSolutionNode = FALSE
	EndGlobalSection
	GlobalSection(ExtensibilityGlobals) = postSolution
		SolutionGuid = {AC28FB7D-A4D7-4D1B-950E-AF9F3A6B5130}
	EndGlobalSection
EndGlobal
